
Microsoft Visual Studio Solution File, Format Version 12.00
# Visual Studio Version 17
VisualStudioVersion = 17.5.33627.172
MinimumVisualStudioVersion = 10.0.40219.1
Project("{FAE04EC0-301F-11D3-BF4B-00C04F79EFBC}") = "Activity 11 practice 2", "Activity 11 practice 2\Activity 11 practice 2.csproj", "{28E82618-6A63-4CC1-9815-7103C9DB13B7}"
EndProject
Global
	GlobalSection(SolutionConfigurationPlatforms) = preSolution
		Debug|Any CPU = Debug|Any CPU
		Release|Any CPU = Release|Any CPU
	EndGlobalSection
	GlobalSection(ProjectConfigurationPlatforms) = postSolution
		{28E82618-6A63-4CC1-9815-7103C9DB13B7}.Debug|Any CPU.ActiveCfg = Debug|Any CPU
		{28E82618-6A63-4CC1-9815-7103C9DB13B7}.Debug|Any CPU.Build.0 = Debug|Any CPU
		{28E82618-6A63-4CC1-9815-7103C9DB13B7}.Release|Any CPU.ActiveCfg = Release|Any CPU
		{28E82618-6A63-4CC1-9815-7103C9DB13B7}.Release|Any CPU.Build.0 = Release|Any CPU
	EndGlobalSection
	GlobalSection(SolutionProperties) = preSolution
		HideSolutionNode = FALSE
	EndGlobalSection
	GlobalSection(ExtensibilityGlobals) = postSolution
		SolutionGuid = {BB417D87-C725-4468-AD34-C7FB68111FEA}
	EndGlobalSection
EndGlobal
